
Microsoft Visual Studio Solution File, Format Version 12.00
# Visual Studio Version 16
VisualStudioVersion = 16.0.29230.47
MinimumVisualStudioVersion = 10.0.40219.1
Project("{FAE04EC0-301F-11D3-BF4B-00C04F79EFBC}") = "N01354699-Assignment1", "N01354699-Assignment1\N01354699-Assignment1.csproj", "{B81A2E6E-49BF-4683-81DB-1CBC01F1B0F0}"
EndProject
Global
	GlobalSection(SolutionConfigurationPlatforms) = preSolution
		Debug|Any CPU = Debug|Any CPU
		Release|Any CPU = Release|Any CPU
	EndGlobalSection
	GlobalSection(ProjectConfigurationPlatforms) = postSolution
		{B81A2E6E-49BF-4683-81DB-1CBC01F1B0F0}.Debug|Any CPU.ActiveCfg = Debug|Any CPU
		{B81A2E6E-49BF-4683-81DB-1CBC01F1B0F0}.Debug|Any CPU.Build.0 = Debug|Any CPU
		{B81A2E6E-49BF-4683-81DB-1CBC01F1B0F0}.Release|Any CPU.ActiveCfg = Release|Any CPU
		{B81A2E6E-49BF-4683-81DB-1CBC01F1B0F0}.Release|Any CPU.Build.0 = Release|Any CPU
	EndGlobalSection
	GlobalSection(SolutionProperties) = preSolution
		HideSolutionNode = FALSE
	EndGlobalSection
	GlobalSection(ExtensibilityGlobals) = postSolution
		SolutionGuid = {CEE1741D-9795-431E-A997-A3B6C3758FEE}
	EndGlobalSection
EndGlobal
